
Microsoft Visual Studio Solution File, Format Version 12.00
# Visual Studio Version 17
VisualStudioVersion = 17.10.35013.160
MinimumVisualStudioVersion = 10.0.40219.1
Project("{FAE04EC0-301F-11D3-BF4B-00C04F79EFBC}") = "Rocketseat-Fundamentos-Desafio", "Rocketseat-Fundamentos-Desafio\Rocketseat-Fundamentos-Desafio.csproj", "{72624DC5-CB8E-456E-9B87-47FE020D91FF}"
EndProject
Global
	GlobalSection(SolutionConfigurationPlatforms) = preSolution
		Debug|Any CPU = Debug|Any CPU
		Release|Any CPU = Release|Any CPU
	EndGlobalSection
	GlobalSection(ProjectConfigurationPlatforms) = postSolution
		{72624DC5-CB8E-456E-9B87-47FE020D91FF}.Debug|Any CPU.ActiveCfg = Debug|Any CPU
		{72624DC5-CB8E-456E-9B87-47FE020D91FF}.Debug|Any CPU.Build.0 = Debug|Any CPU
		{72624DC5-CB8E-456E-9B87-47FE020D91FF}.Release|Any CPU.ActiveCfg = Release|Any CPU
		{72624DC5-CB8E-456E-9B87-47FE020D91FF}.Release|Any CPU.Build.0 = Release|Any CPU
	EndGlobalSection
	GlobalSection(SolutionProperties) = preSolution
		HideSolutionNode = FALSE
	EndGlobalSection
	GlobalSection(ExtensibilityGlobals) = postSolution
		SolutionGuid = {5FBFD516-C0C4-4DC2-9D64-960D00487FC6}
	EndGlobalSection
EndGlobal
